# THIS IS AN AUTOGENERATED FILE. DO NOT EDIT THIS FILE DIRECTLY.
# yarn lockfile v1


dotenv-flow@^0.4.0:
  version "0.4.0"
  resolved "https://registry.yarnpkg.com/dotenv-flow/-/dotenv-flow-0.4.0.tgz#8a334b7b77ac8a3cdbaec69dd5e8e74c771500e1"
  integrity sha512-GdIzSgFuyFfSP00g751eUsL+3n2GSevG1csTRDF6lpbMCqyPzCAkvpVFJuMf1rKwl9PIrwmxoA+8wkYRNzQSwg==
  dependencies:
    dotenv "^7.0.0"

dotenv@^7.0.0:
  version "7.0.0"
  resolved "https://registry.yarnpkg.com/dotenv/-/dotenv-7.0.0.tgz#a2be3cd52736673206e8a85fb5210eea29628e7c"
  integrity sha512-M3NhsLbV1i6HuGzBUH8vXrtxOk+tWmzWKDMbAVSUp3Zsjm7ywFeuwrUXhmhQyRK1q5B5GGy7hcXPbj3bnfZg2g==

esm@^3.2.25:
  version "3.2.25"
  resolved "https://registry.yarnpkg.com/esm/-/esm-3.2.25.tgz#342c18c29d56157688ba5ce31f8431fbb795cc10"
  integrity sha512-U1suiZ2oDVWv4zPO56S0NcR5QriEahGtdN2OR6FiOG4WJvcjBVFB0qI4+eKoWFH483PKGuLuu6V8Z4T5g63UVA==
