# THIS IS AN AUTOGENERATED FILE. DO NOT EDIT THIS FILE DIRECTLY.
# yarn lockfile v1


dotenv-flow@^0.4.0:
  version "0.4.0"
  resolved "https://registry.yarnpkg.com/dotenv-flow/-/dotenv-flow-0.4.0.tgz#8a334b7b77ac8a3cdbaec69dd5e8e74c771500e1"
  dependencies:
    dotenv "^7.0.0"

dotenv@^7.0.0:
  version "7.0.0"
  resolved "https://registry.yarnpkg.com/dotenv/-/dotenv-7.0.0.tgz#a2be3cd52736673206e8a85fb5210eea29628e7c"

esm@^3.2.25:
  version "3.2.25"
  resolved "https://registry.yarnpkg.com/esm/-/esm-3.2.25.tgz#342c18c29d56157688ba5ce31f8431fbb795cc10"
